
Microsoft Visual Studio Solution File, Format Version 12.00
# Visual Studio Version 17
VisualStudioVersion = 17.4.33213.308
MinimumVisualStudioVersion = 10.0.40219.1
Project("{FAE04EC0-301F-11D3-BF4B-00C04F79EFBC}") = "oop_7", "oop_7\oop_7.csproj", "{F46ADB7B-FD66-4BDE-AD3B-1F81B7FE1457}"
EndProject
Global
	GlobalSection(SolutionConfigurationPlatforms) = preSolution
		Debug|Any CPU = Debug|Any CPU
		Release|Any CPU = Release|Any CPU
	EndGlobalSection
	GlobalSection(ProjectConfigurationPlatforms) = postSolution
		{F46ADB7B-FD66-4BDE-AD3B-1F81B7FE1457}.Debug|Any CPU.ActiveCfg = Debug|Any CPU
		{F46ADB7B-FD66-4BDE-AD3B-1F81B7FE1457}.Debug|Any CPU.Build.0 = Debug|Any CPU
		{F46ADB7B-FD66-4BDE-AD3B-1F81B7FE1457}.Release|Any CPU.ActiveCfg = Release|Any CPU
		{F46ADB7B-FD66-4BDE-AD3B-1F81B7FE1457}.Release|Any CPU.Build.0 = Release|Any CPU
	EndGlobalSection
	GlobalSection(SolutionProperties) = preSolution
		HideSolutionNode = FALSE
	EndGlobalSection
	GlobalSection(ExtensibilityGlobals) = postSolution
		SolutionGuid = {13DA3E16-3AC7-4826-BE3C-371BFC89BED1}
	EndGlobalSection
EndGlobal
